{
  "name": "connect-node-listener-azure",
  "version": "1.0.0",
  "lockfileVersion": 1,
  "requires": true,
  "dependencies": {
    "@azure/abort-controller": {
      "version": "1.0.2",
      "resolved": "https://artifactory.docusignhq.com/artifactory/api/npm/npm-virtual/@azure/abort-controller/-/abort-controller-1.0.2.tgz",
      "integrity": "sha1-giQFyWayrsFvtiwbGdN+rM8jGZU=",
      "requires": {
        "tslib": "^2.0.0"
      },
      "dependencies": {
        "tslib": {
          "version": "2.1.0",
          "resolved": "https://artifactory.docusignhq.com/artifactory/api/npm/npm-virtual/tslib/-/tslib-2.1.0.tgz",
          "integrity": "sha1-2mCGDxwuyqVwOrfTm8Bba/mIuXo="
        }
      }
    },
    "@azure/amqp-common": {
      "version": "1.0.0-preview.17",
      "resolved": "https://artifactory.docusignhq.com/artifactory/api/npm/npm-virtual/@azure/amqp-common/-/amqp-common-1.0.0-preview.17.tgz",
      "integrity": "sha1-m4ow04b9hANY+5fBohNL0Lr1U2w=",
      "requires": {
        "@types/async-lock": "^1.1.0",
        "@types/is-buffer": "^2.0.0",
        "async-lock": "^1.1.3",
        "buffer": "^5.2.1",
        "debug": "^3.1.0",
        "events": "^3.0.0",
        "is-buffer": "^2.0.3",
        "jssha": "^2.3.1",
        "process": "^0.11.10",
        "rhea": "^1.0.18",
        "rhea-promise": "^0.1.15",
        "stream-browserify": "^2.0.2",
        "tslib": "^1.9.3",
        "url": "^0.11.0",
        "util": "^0.11.1"
      },
      "dependencies": {
        "debug": {
          "version": "3.2.7",
          "resolved": "https://artifactory.docusignhq.com/artifactory/api/npm/npm-virtual/debug/-/debug-3.2.7.tgz",
          "integrity": "sha1-clgLfpFF+zm2Z2+cXl+xALk0F5o=",
          "requires": {
            "ms": "^2.1.1"
          }
        }
      }
    },
    "@azure/core-auth": {
      "version": "1.1.4",
      "resolved": "https://artifactory.docusignhq.com/artifactory/api/npm/npm-virtual/@azure/core-auth/-/core-auth-1.1.4.tgz",
      "integrity": "sha1-r5ozSs88ucSeYBPmyvbcnUNHYDA=",
      "requires": {
        "@azure/abort-controller": "^1.0.0",
        "tslib": "^2.0.0"
      },
      "dependencies": {
        "tslib": {
          "version": "2.1.0",
          "resolved": "https://artifactory.docusignhq.com/artifactory/api/npm/npm-virtual/tslib/-/tslib-2.1.0.tgz",
          "integrity": "sha1-2mCGDxwuyqVwOrfTm8Bba/mIuXo="
        }
      }
    },
    "@azure/core-http": {
      "version": "1.2.2",
      "resolved": "https://artifactory.docusignhq.com/artifactory/api/npm/npm-virtual/@azure/core-http/-/core-http-1.2.2.tgz",
      "integrity": "sha1-pvdxcYT9JlfTrKvR1k39wL1THOM=",
      "requires": {
        "@azure/abort-controller": "^1.0.0",
        "@azure/core-auth": "^1.1.3",
        "@azure/core-tracing": "1.0.0-preview.9",
        "@azure/logger": "^1.0.0",
        "@opentelemetry/api": "^0.10.2",
        "@types/node-fetch": "^2.5.0",
        "@types/tunnel": "^0.0.1",
        "form-data": "^3.0.0",
        "node-fetch": "^2.6.0",
        "process": "^0.11.10",
        "tough-cookie": "^4.0.0",
        "tslib": "^2.0.0",
        "tunnel": "^0.0.6",
        "uuid": "^8.3.0",
        "xml2js": "^0.4.19"
      },
      "dependencies": {
        "tslib": {
          "version": "2.1.0",
          "resolved": "https://artifactory.docusignhq.com/artifactory/api/npm/npm-virtual/tslib/-/tslib-2.1.0.tgz",
          "integrity": "sha1-2mCGDxwuyqVwOrfTm8Bba/mIuXo="
        }
      }
    },
    "@azure/core-tracing": {
      "version": "1.0.0-preview.9",
      "resolved": "https://artifactory.docusignhq.com/artifactory/api/npm/npm-virtual/@azure/core-tracing/-/core-tracing-1.0.0-preview.9.tgz",
      "integrity": "sha1-hPO4VXIBP52bheHl2JeHqhgHh+s=",
      "requires": {
        "@opencensus/web-types": "0.0.7",
        "@opentelemetry/api": "^0.10.2",
        "tslib": "^2.0.0"
      },
      "dependencies": {
        "tslib": {
          "version": "2.1.0",
          "resolved": "https://artifactory.docusignhq.com/artifactory/api/npm/npm-virtual/tslib/-/tslib-2.1.0.tgz",
          "integrity": "sha1-2mCGDxwuyqVwOrfTm8Bba/mIuXo="
        }
      }
    },
    "@azure/logger": {
      "version": "1.0.1",
      "resolved": "https://artifactory.docusignhq.com/artifactory/api/npm/npm-virtual/@azure/logger/-/logger-1.0.1.tgz",
      "integrity": "sha1-GbMzID0bKTE1PYh56BS2SnJ0g3o=",
      "requires": {
        "tslib": "^2.0.0"
      },
      "dependencies": {
        "tslib": {
          "version": "2.1.0",
          "resolved": "https://artifactory.docusignhq.com/artifactory/api/npm/npm-virtual/tslib/-/tslib-2.1.0.tgz",
          "integrity": "sha1-2mCGDxwuyqVwOrfTm8Bba/mIuXo="
        }
      }
    },
    "@azure/service-bus": {
      "version": "1.1.10",
      "resolved": "https://artifactory.docusignhq.com/artifactory/api/npm/npm-virtual/@azure/service-bus/-/service-bus-1.1.10.tgz",
      "integrity": "sha1-SeiWEZoekfF4HIwgWmSXmxwfX9M=",
      "requires": {
        "@azure/amqp-common": "1.0.0-preview.17",
        "@azure/core-http": "^1.0.0",
        "@opentelemetry/types": "^0.2.0",
        "@types/is-buffer": "^2.0.0",
        "@types/long": "^4.0.0",
        "buffer": "^5.2.1",
        "debug": "^4.1.1",
        "is-buffer": "^2.0.3",
        "long": "^4.0.0",
        "process": "^0.11.10",
        "rhea": "^1.0.23",
        "rhea-promise": "^0.1.15",
        "tslib": "^1.10.0"
      }
    },
    "@opencensus/web-types": {
      "version": "0.0.7",
      "resolved": "https://artifactory.docusignhq.com/artifactory/api/npm/npm-virtual/@opencensus/web-types/-/web-types-0.0.7.tgz",
      "integrity": "sha1-RCbeH+Wqj2JNs5XSFSuQKHTwVwo="
    },
    "@opentelemetry/api": {
      "version": "0.10.2",
      "resolved": "https://artifactory.docusignhq.com/artifactory/api/npm/npm-virtual/@opentelemetry/api/-/api-0.10.2.tgz",
      "integrity": "sha1-lke4gfPhZUCJ/36lnVh7LTUGBlQ=",
      "requires": {
        "@opentelemetry/context-base": "^0.10.2"
      }
    },
    "@opentelemetry/context-base": {
      "version": "0.10.2",
      "resolved": "https://artifactory.docusignhq.com/artifactory/api/npm/npm-virtual/@opentelemetry/context-base/-/context-base-0.10.2.tgz",
      "integrity": "sha1-Vb6pBLK5GqioZ1356rpZYb3bHe8="
    },
    "@opentelemetry/types": {
      "version": "0.2.0",
      "resolved": "https://artifactory.docusignhq.com/artifactory/api/npm/npm-virtual/@opentelemetry/types/-/types-0.2.0.tgz",
      "integrity": "sha1-Kgr9QPpwJuOepWpFRkK9pysXL4A="
    },
    "@types/async-lock": {
      "version": "1.1.2",
      "resolved": "https://artifactory.docusignhq.com/artifactory/api/npm/npm-virtual/@types/async-lock/-/async-lock-1.1.2.tgz",
      "integrity": "sha1-y8JqNLEbg7KPd4OoQ8OTtEPvi+8="
    },
    "@types/is-buffer": {
      "version": "2.0.0",
      "resolved": "https://artifactory.docusignhq.com/artifactory/api/npm/npm-virtual/@types/is-buffer/-/is-buffer-2.0.0.tgz",
      "integrity": "sha1-lN5NI1QGRt5fXfLNNGocFiBn6lo=",
      "requires": {
        "@types/node": "*"
      }
    },
    "@types/long": {
      "version": "4.0.1",
      "resolved": "https://artifactory.docusignhq.com/artifactory/api/npm/npm-virtual/@types/long/-/long-4.0.1.tgz",
      "integrity": "sha1-RZxl+hhn2v5qjzIsTFFpVmPMVek="
    },
    "@types/node": {
      "version": "14.14.22",
      "resolved": "https://artifactory.docusignhq.com/artifactory/api/npm/npm-virtual/@types/node/-/node-14.14.22.tgz",
      "integrity": "sha1-DSnzgkcsTM872W/wzkfa9be4Sxg="
    },
    "@types/node-fetch": {
      "version": "2.5.8",
      "resolved": "https://artifactory.docusignhq.com/artifactory/api/npm/npm-virtual/@types/node-fetch/-/node-fetch-2.5.8.tgz",
      "integrity": "sha1-4ZnINdI0x+sIRvZhgBLlWFRO4vs=",
      "requires": {
        "@types/node": "*",
        "form-data": "^3.0.0"
      }
    },
    "@types/tunnel": {
      "version": "0.0.1",
      "resolved": "https://artifactory.docusignhq.com/artifactory/api/npm/npm-virtual/@types/tunnel/-/tunnel-0.0.1.tgz",
      "integrity": "sha1-DXJ3R2i3PfJvJd+RhCc6QtpysZw=",
      "requires": {
        "@types/node": "*"
      }
    },
    "async-lock": {
      "version": "1.2.8",
      "resolved": "https://artifactory.docusignhq.com/artifactory/api/npm/npm-virtual/async-lock/-/async-lock-1.2.8.tgz",
      "integrity": "sha1-ewK9+i3mA8BxOs7NERhM+Xu8fEw="
    },
    "asynckit": {
      "version": "0.4.0",
      "resolved": "https://artifactory.docusignhq.com/artifactory/api/npm/npm-virtual/asynckit/-/asynckit-0.4.0.tgz",
      "integrity": "sha1-x57Zf380y48robyXkLzDZkdLS3k="
    },
    "base64-js": {
      "version": "1.5.1",
      "resolved": "https://artifactory.docusignhq.com/artifactory/api/npm/npm-virtual/base64-js/-/base64-js-1.5.1.tgz",
      "integrity": "sha1-GxtEAWClv3rUC2UPCVljSBkDkwo="
    },
    "buffer": {
      "version": "5.7.1",
      "resolved": "https://artifactory.docusignhq.com/artifactory/api/npm/npm-virtual/buffer/-/buffer-5.7.1.tgz",
      "integrity": "sha1-umLnwTEzBTWCGXFghRqPZI6Z7tA=",
      "requires": {
        "base64-js": "^1.3.1",
        "ieee754": "^1.1.13"
      }
    },
    "combined-stream": {
      "version": "1.0.8",
      "resolved": "https://artifactory.docusignhq.com/artifactory/api/npm/npm-virtual/combined-stream/-/combined-stream-1.0.8.tgz",
      "integrity": "sha1-w9RaizT9cwYxoRCoolIGgrMdWn8=",
      "requires": {
        "delayed-stream": "~1.0.0"
      }
    },
    "core-util-is": {
      "version": "1.0.2",
      "resolved": "https://artifactory.docusignhq.com/artifactory/api/npm/npm-virtual/core-util-is/-/core-util-is-1.0.2.tgz",
      "integrity": "sha1-tf1UIgqivFq1eqtxQMlAdUUDwac="
    },
    "debug": {
      "version": "4.3.1",
      "resolved": "https://artifactory.docusignhq.com/artifactory/api/npm/npm-virtual/debug/-/debug-4.3.1.tgz",
      "integrity": "sha1-8NIpxQXgxtjEmsVT0bE9wYP2su4=",
      "requires": {
        "ms": "2.1.2"
      },
      "dependencies": {
        "ms": {
          "version": "2.1.2",
          "resolved": "https://artifactory.docusignhq.com/artifactory/api/npm/npm-virtual/ms/-/ms-2.1.2.tgz",
          "integrity": "sha1-0J0fNXtEP0kzgqjrPM0YOHKuYAk="
        }
      }
    },
    "delayed-stream": {
      "version": "1.0.0",
      "resolved": "https://artifactory.docusignhq.com/artifactory/api/npm/npm-virtual/delayed-stream/-/delayed-stream-1.0.0.tgz",
      "integrity": "sha1-3zrhmayt+31ECqrgsp4icrJOxhk="
    },
    "events": {
      "version": "3.2.0",
      "resolved": "https://artifactory.docusignhq.com/artifactory/api/npm/npm-virtual/events/-/events-3.2.0.tgz",
      "integrity": "sha1-k7h8GPjvzUICpGGuxN/AVWtjk3k="
    },
    "form-data": {
      "version": "3.0.0",
      "resolved": "https://artifactory.docusignhq.com/artifactory/api/npm/npm-virtual/form-data/-/form-data-3.0.0.tgz",
      "integrity": "sha1-MbfjnIXxNVtxOe4MZHzw3n+DxoI=",
      "requires": {
        "asynckit": "^0.4.0",
        "combined-stream": "^1.0.8",
        "mime-types": "^2.1.12"
      }
    },
    "ieee754": {
      "version": "1.2.1",
      "resolved": "https://artifactory.docusignhq.com/artifactory/api/npm/npm-virtual/ieee754/-/ieee754-1.2.1.tgz",
      "integrity": "sha1-jrehCmP/8l0VpXsAFYbRd9Gw01I="
    },
    "inherits": {
      "version": "2.0.4",
      "resolved": "https://artifactory.docusignhq.com/artifactory/api/npm/npm-virtual/inherits/-/inherits-2.0.4.tgz",
      "integrity": "sha1-D6LGT5MpF8NDOg3tVTY6rjdBa3w="
    },
    "is-buffer": {
      "version": "2.0.5",
      "resolved": "https://artifactory.docusignhq.com/artifactory/api/npm/npm-virtual/is-buffer/-/is-buffer-2.0.5.tgz",
      "integrity": "sha1-68JS5ADSL/jXf6CYiIIaJKZYwZE="
    },
    "isarray": {
      "version": "1.0.0",
      "resolved": "https://artifactory.docusignhq.com/artifactory/api/npm/npm-virtual/isarray/-/isarray-1.0.0.tgz",
      "integrity": "sha1-u5NdSFgsuhaMBoNJV6VKPgcSTxE="
    },
    "jssha": {
      "version": "2.4.2",
      "resolved": "https://artifactory.docusignhq.com/artifactory/api/npm/npm-virtual/jssha/-/jssha-2.4.2.tgz",
      "integrity": "sha1-2VCwlWNJKL1rK9odQtqaOnYtZek="
    },
    "long": {
      "version": "4.0.0",
      "resolved": "https://artifactory.docusignhq.com/artifactory/api/npm/npm-virtual/long/-/long-4.0.0.tgz",
      "integrity": "sha1-mntxz7fTYaGU6lVSQckvdGjVvyg="
    },
    "mime-db": {
      "version": "1.45.0",
      "resolved": "https://artifactory.docusignhq.com/artifactory/api/npm/npm-virtual/mime-db/-/mime-db-1.45.0.tgz",
      "integrity": "sha1-zO7aIczXw6dF66LezVXUtz54eeo="
    },
    "mime-types": {
      "version": "2.1.28",
      "resolved": "https://artifactory.docusignhq.com/artifactory/api/npm/npm-virtual/mime-types/-/mime-types-2.1.28.tgz",
      "integrity": "sha1-EWDEdX6rLFNjiI4AUnPs950qDs0=",
      "requires": {
        "mime-db": "1.45.0"
      }
    },
    "ms": {
      "version": "2.1.3",
      "resolved": "https://artifactory.docusignhq.com/artifactory/api/npm/npm-virtual/ms/-/ms-2.1.3.tgz",
      "integrity": "sha1-V0yBOM4dK1hh8LRFedut1gxmFbI="
    },
    "node-fetch": {
      "version": "2.6.1",
      "resolved": "https://artifactory.docusignhq.com/artifactory/api/npm/npm-virtual/node-fetch/-/node-fetch-2.6.1.tgz",
      "integrity": "sha1-BFvTI2Mfdu0uK1VXM5RBa2OaAFI="
    },
    "process": {
      "version": "0.11.10",
      "resolved": "https://artifactory.docusignhq.com/artifactory/api/npm/npm-virtual/process/-/process-0.11.10.tgz",
      "integrity": "sha1-czIwDoQBYb2j5podHZGn1LwW8YI="
    },
    "process-nextick-args": {
      "version": "2.0.1",
      "resolved": "https://artifactory.docusignhq.com/artifactory/api/npm/npm-virtual/process-nextick-args/-/process-nextick-args-2.0.1.tgz",
      "integrity": "sha1-eCDZsWEgzFXKmud5JoCufbptf+I="
    },
    "psl": {
      "version": "1.8.0",
      "resolved": "https://artifactory.docusignhq.com/artifactory/api/npm/npm-virtual/psl/-/psl-1.8.0.tgz",
      "integrity": "sha1-kyb4vPsBOtzABf3/BWrM4CDlHCQ="
    },
    "punycode": {
      "version": "1.3.2",
      "resolved": "https://artifactory.docusignhq.com/artifactory/api/npm/npm-virtual/punycode/-/punycode-1.3.2.tgz",
      "integrity": "sha1-llOgNvt8HuQjQvIyXM7v6jkmxI0="
    },
    "querystring": {
      "version": "0.2.0",
      "resolved": "https://artifactory.docusignhq.com/artifactory/api/npm/npm-virtual/querystring/-/querystring-0.2.0.tgz",
      "integrity": "sha1-sgmEkgO7Jd+CDadW50cAWHhSFiA="
    },
    "readable-stream": {
      "version": "2.3.7",
      "resolved": "https://artifactory.docusignhq.com/artifactory/api/npm/npm-virtual/readable-stream/-/readable-stream-2.3.7.tgz",
      "integrity": "sha1-Hsoc9xGu+BTAT2IlKjamL2yyO1c=",
      "requires": {
        "core-util-is": "~1.0.0",
        "inherits": "~2.0.3",
        "isarray": "~1.0.0",
        "process-nextick-args": "~2.0.0",
        "safe-buffer": "~5.1.1",
        "string_decoder": "~1.1.1",
        "util-deprecate": "~1.0.1"
      }
    },
    "rhea": {
      "version": "1.0.24",
      "resolved": "https://artifactory.docusignhq.com/artifactory/api/npm/npm-virtual/rhea/-/rhea-1.0.24.tgz",
      "integrity": "sha1-cITkxjWqi6D68tlgKsn5fSau3AA=",
      "requires": {
        "debug": "0.8.0 - 3.5.0"
      },
      "dependencies": {
        "debug": {
          "version": "3.2.7",
          "resolved": "https://artifactory.docusignhq.com/artifactory/api/npm/npm-virtual/debug/-/debug-3.2.7.tgz",
          "integrity": "sha1-clgLfpFF+zm2Z2+cXl+xALk0F5o=",
          "requires": {
            "ms": "^2.1.1"
          }
        }
      }
    },
    "rhea-promise": {
      "version": "0.1.15",
      "resolved": "https://artifactory.docusignhq.com/artifactory/api/npm/npm-virtual/rhea-promise/-/rhea-promise-0.1.15.tgz",
      "integrity": "sha1-ABdTJDUiJEJNWbdxL68UCXqE6PI=",
      "requires": {
        "debug": "^3.1.0",
        "rhea": "^1.0.4",
        "tslib": "^1.9.3"
      },
      "dependencies": {
        "debug": {
          "version": "3.2.7",
          "resolved": "https://artifactory.docusignhq.com/artifactory/api/npm/npm-virtual/debug/-/debug-3.2.7.tgz",
          "integrity": "sha1-clgLfpFF+zm2Z2+cXl+xALk0F5o=",
          "requires": {
            "ms": "^2.1.1"
          }
        }
      }
    },
    "safe-buffer": {
      "version": "5.1.2",
      "resolved": "https://artifactory.docusignhq.com/artifactory/api/npm/npm-virtual/safe-buffer/-/safe-buffer-5.1.2.tgz",
      "integrity": "sha1-mR7GnSluAxN0fVm9/St0XDX4go0="
    },
    "sax": {
      "version": "1.2.4",
      "resolved": "https://artifactory.docusignhq.com/artifactory/api/npm/npm-virtual/sax/-/sax-1.2.4.tgz",
      "integrity": "sha1-KBYjTiN4vdxOU1T6tcqold9xANk="
    },
    "stream-browserify": {
      "version": "2.0.2",
      "resolved": "https://artifactory.docusignhq.com/artifactory/api/npm/npm-virtual/stream-browserify/-/stream-browserify-2.0.2.tgz",
      "integrity": "sha1-h1IdOKRKp+6RzhzSpH3wy0ndZgs=",
      "requires": {
        "inherits": "~2.0.1",
        "readable-stream": "^2.0.2"
      }
    },
    "string_decoder": {
      "version": "1.1.1",
      "resolved": "https://artifactory.docusignhq.com/artifactory/api/npm/npm-virtual/string_decoder/-/string_decoder-1.1.1.tgz",
      "integrity": "sha1-nPFhG6YmhdcDCunkujQUnDrwP8g=",
      "requires": {
        "safe-buffer": "~5.1.0"
      }
    },
    "tough-cookie": {
      "version": "4.0.0",
      "resolved": "https://artifactory.docusignhq.com/artifactory/api/npm/npm-virtual/tough-cookie/-/tough-cookie-4.0.0.tgz",
      "integrity": "sha1-2CIjTuyogvmR8PkIgkrSYi3b7OQ=",
      "requires": {
        "psl": "^1.1.33",
        "punycode": "^2.1.1",
        "universalify": "^0.1.2"
      },
      "dependencies": {
        "punycode": {
          "version": "2.1.1",
          "resolved": "https://artifactory.docusignhq.com/artifactory/api/npm/npm-virtual/punycode/-/punycode-2.1.1.tgz",
          "integrity": "sha1-tYsBCsQMIsVldhbI0sLALHv0eew="
        }
      }
    },
    "tslib": {
      "version": "1.14.1",
      "resolved": "https://artifactory.docusignhq.com/artifactory/api/npm/npm-virtual/tslib/-/tslib-1.14.1.tgz",
      "integrity": "sha1-zy04vcNKE0vK8QkcQfZhni9nLQA="
    },
    "tunnel": {
      "version": "0.0.6",
      "resolved": "https://artifactory.docusignhq.com/artifactory/api/npm/npm-virtual/tunnel/-/tunnel-0.0.6.tgz",
      "integrity": "sha1-cvExSzSlsZLbASMk3yzFh8pH+Sw="
    },
    "universalify": {
      "version": "0.1.2",
      "resolved": "https://artifactory.docusignhq.com/artifactory/api/npm/npm-virtual/universalify/-/universalify-0.1.2.tgz",
      "integrity": "sha1-tkb2m+OULavOzJ1mOcgNwQXvqmY="
    },
    "url": {
      "version": "0.11.0",
      "resolved": "https://artifactory.docusignhq.com/artifactory/api/npm/npm-virtual/url/-/url-0.11.0.tgz",
      "integrity": "sha1-ODjpfPxgUh63PFJajlW/3Z4uKPE=",
      "requires": {
        "punycode": "1.3.2",
        "querystring": "0.2.0"
      }
    },
    "util": {
      "version": "0.11.1",
      "resolved": "https://artifactory.docusignhq.com/artifactory/api/npm/npm-virtual/util/-/util-0.11.1.tgz",
      "integrity": "sha1-MjZzNyDsZLsn9uJvQhqqLhtYjWE=",
      "requires": {
        "inherits": "2.0.3"
      },
      "dependencies": {
        "inherits": {
          "version": "2.0.3",
          "resolved": "https://artifactory.docusignhq.com/artifactory/api/npm/npm-virtual/inherits/-/inherits-2.0.3.tgz",
          "integrity": "sha1-Yzwsg+PaQqUC9SRmAiSA9CCCYd4="
        }
      }
    },
    "util-deprecate": {
      "version": "1.0.2",
      "resolved": "https://artifactory.docusignhq.com/artifactory/api/npm/npm-virtual/util-deprecate/-/util-deprecate-1.0.2.tgz",
      "integrity": "sha1-RQ1Nyfpw3nMnYvvS1KKJgUGaDM8="
    },
    "uuid": {
      "version": "8.3.2",
      "resolved": "https://artifactory.docusignhq.com/artifactory/api/npm/npm-virtual/uuid/-/uuid-8.3.2.tgz",
      "integrity": "sha1-gNW1ztJxu5r2xEXyGhoExgbO++I="
    },
    "xml2js": {
      "version": "0.4.23",
      "resolved": "https://artifactory.docusignhq.com/artifactory/api/npm/npm-virtual/xml2js/-/xml2js-0.4.23.tgz",
      "integrity": "sha1-oMaVFnUkIesqx1juTUzPWIQ+rGY=",
      "requires": {
        "sax": ">=0.6.0",
        "xmlbuilder": "~11.0.0"
      }
    },
    "xmlbuilder": {
      "version": "11.0.1",
      "resolved": "https://artifactory.docusignhq.com/artifactory/api/npm/npm-virtual/xmlbuilder/-/xmlbuilder-11.0.1.tgz",
      "integrity": "sha1-vpuuHIoEbnazESdyY0fQrXACvrM="
    }
  }
}
